hash: 980f3355da3bf3b9d40c3e54b0d07d3ed8459de81d7aeaad296f368c273c9392
updated: 2017-07-03T14:38:27.354622158-03:00
imports:
- name: github.com/fatih/color
  version: 570b54cabe6b8eb0bc2dfce68d964677d63b5260
- name: github.com/labstack/echo
  version: 935a60782cbbc55110e7bd4b33120e4567cbee43
  subpackages:
  - '...'
- name: github.com/labstack/gommon
  version: 9a43ff0d261e0e65594422e9eee08cf301aabbe7
  subpackages:
  - color
  - log
- name: github.com/mattn/go-colorable
  version: d228849504861217f796da67fae4f6e347643f15
- name: github.com/mattn/go-isatty
  version: 66b8e73f3f5cda9f96b69efd03dd3d7fc4a5cdb8
- name: github.com/urfave/cli
  version: 0bdeddeeb0f650497d603c4ad7b20cfe685682f6
- name: github.com/valyala/fasttemplate
  version: 3b874956e03f1636d171bda64b130f9135f42cff
- name: golang.org/x/crypto
  version: 854ae91cdcbf914b499b1d7641d07859f3653481
  subpackages:
  - acme
  - acme/autocert
- name: golang.org/x/net
  version: 4971afdc2f162e82d185353533d3cf16188a9f4e
  subpackages:
  - context
  - context/ctxhttp
- name: golang.org/x/sys
  version: b699b7032584f0953262cb2788a0ca19bb494703
  subpackages:
  - unix
testImports: []
